// !$*UTF8*$!
{
	archiveVersion = 1;
	classes = {
	};
	objectVersion = 46;
	objects = {

/* Begin PBXBuildFile section */
		070002521BE5C2AB00CD7F21 /* AudioToolbox.framework in Frameworks */ = {isa = PBXBuildFile; fileRef = 070002511BE5C2AB00CD7F21 /* AudioToolbox.framework */; };
		070002541BE5C2B400CD7F21 /* CFNetwork.framework in Frameworks */ = {isa = PBXBuildFile; fileRef = 070002531BE5C2B400CD7F21 /* CFNetwork.framework */; };
		070002561BE5C2C600CD7F21 /* libz.1.1.3.tbd in Frameworks */ = {isa = PBXBuildFile; fileRef = 070002551BE5C2C600CD7F21 /* libz.1.1.3.tbd */; };
		070002581BE5C2CF00CD7F21 /* MobileCoreServices.framework in Frameworks */ = {isa = PBXBuildFile; fileRef = 070002571BE5C2CF00CD7F21 /* MobileCoreServices.framework */; };
		0700025A1BE5C2D800CD7F21 /* QuartzCore.framework in Frameworks */ = {isa = PBXBuildFile; fileRef = 070002591BE5C2D800CD7F21 /* QuartzCore.framework */; };
		0700025C1BE5C2E100CD7F21 /* Security.framework in Frameworks */ = {isa = PBXBuildFile; fileRef = 0700025B1BE5C2E100CD7F21 /* Security.framework */; };
		0700025E1BE5C2E900CD7F21 /* StoreKit.framework in Frameworks */ = {isa = PBXBuildFile; fileRef = 0700025D1BE5C2E900CD7F21 /* StoreKit.framework */; };
		070002601BE5C2F800CD7F21 /* SystemConfiguration.framework in Frameworks */ = {isa = PBXBuildFile; fileRef = 0700025F1BE5C2F800CD7F21 /* SystemConfiguration.framework */; };
		070002621BE5C32C00CD7F21 /* Parse.framework in Frameworks */ = {isa = PBXBuildFile; fileRef = 070002611BE5C32C00CD7F21 /* Parse.framework */; };
		070002641BE5C36100CD7F21 /* Bolts.framework in Frameworks */ = {isa = PBXBuildFile; fileRef = 070002631BE5C36100CD7F21 /* Bolts.framework */; };
		070002661BE5C3E300CD7F21 /* libsqlite3.0.tbd in Frameworks */ = {isa = PBXBuildFile; fileRef = 070002651BE5C3E300CD7F21 /* libsqlite3.0.tbd */; };
		070002681BE5C5FF00CD7F21 /* FBSDKLoginKit.framework in Frameworks */ = {isa = PBXBuildFile; fileRef = 070002671BE5C5FF00CD7F21 /* FBSDKLoginKit.framework */; };
		0700026A1BE5C69C00CD7F21 /* FBSDKCoreKit.framework in Frameworks */ = {isa = PBXBuildFile; fileRef = 070002691BE5C69C00CD7F21 /* FBSDKCoreKit.framework */; };
		0700026E1BE5CB9D00CD7F21 /* ParseFacebookUtilsV4.framework in Frameworks */ = {isa = PBXBuildFile; fileRef = 0700026D1BE5CB9D00CD7F21 /* ParseFacebookUtilsV4.framework */; };
		0753B6DF1BECF1F900B18C4F /* DXStarRatingView.m in Sources */ = {isa = PBXBuildFile; fileRef = 0753B6DC1BECF1F900B18C4F /* DXStarRatingView.m */; };
		0753B6E01BECF1F900B18C4F /* rating-star-off@2x.png in Resources */ = {isa = PBXBuildFile; fileRef = 0753B6DD1BECF1F900B18C4F /* rating-star-off@2x.png */; };
		0753B6E11BECF1F900B18C4F /* rating-star-on@2x.png in Resources */ = {isa = PBXBuildFile; fileRef = 0753B6DE1BECF1F900B18C4F /* rating-star-on@2x.png */; };
		0753B6E41BECF22300B18C4F /* RateViewController.m in Sources */ = {isa = PBXBuildFile; fileRef = 0753B6E31BECF22300B18C4F /* RateViewController.m */; };
		0753B6E71BECFC7700B18C4F /* FeedbackViewController.m in Sources */ = {isa = PBXBuildFile; fileRef = 0753B6E61BECFC7700B18C4F /* FeedbackViewController.m */; };
		0753B6EA1BED0C0100B18C4F /* DescriptionViewController.m in Sources */ = {isa = PBXBuildFile; fileRef = 0753B6E91BED0C0100B18C4F /* DescriptionViewController.m */; };
		0754E2A71BE5272500D369BE /* CoreLocation.framework in Frameworks */ = {isa = PBXBuildFile; fileRef = 0754E2A61BE5272500D369BE /* CoreLocation.framework */; };
		0754E2AB1BE57BD200D369BE /* CardViewController.m in Sources */ = {isa = PBXBuildFile; fileRef = 0754E2AA1BE57BD200D369BE /* CardViewController.m */; };
		0754E2AE1BE57C0A00D369BE /* ProfileViewController.m in Sources */ = {isa = PBXBuildFile; fileRef = 0754E2AD1BE57C0A00D369BE /* ProfileViewController.m */; };
		0765130D1BF4FA050077F6BE /* monkP1.jpg in Resources */ = {isa = PBXBuildFile; fileRef = 0765130A1BF4FA050077F6BE /* monkP1.jpg */; };
		0765130E1BF4FA050077F6BE /* monkP2.jpg in Resources */ = {isa = PBXBuildFile; fileRef = 0765130B1BF4FA050077F6BE /* monkP2.jpg */; };
		0765130F1BF4FA050077F6BE /* monkP3.jpg in Resources */ = {isa = PBXBuildFile; fileRef = 0765130C1BF4FA050077F6BE /* monkP3.jpg */; };
		079D3EAE1BF9989A00E3DC09 /* TestViewController.m in Sources */ = {isa = PBXBuildFile; fileRef = 079D3EAD1BF9989A00E3DC09 /* TestViewController.m */; };
		07A519A71BE7077600F3977D /* pinMonk@2x.png in Resources */ = {isa = PBXBuildFile; fileRef = 07A519A61BE7077600F3977D /* pinMonk@2x.png */; };
		07A519A91BE70D6200F3977D /* invitacion@2x.png in Resources */ = {isa = PBXBuildFile; fileRef = 07A519A81BE70D6200F3977D /* invitacion@2x.png */; };
		07A519AE1BE7230E00F3977D /* Cards@2x.png in Resources */ = {isa = PBXBuildFile; fileRef = 07A519AB1BE7230E00F3977D /* Cards@2x.png */; };
		07A519AF1BE7230E00F3977D /* Food@2x.png in Resources */ = {isa = PBXBuildFile; fileRef = 07A519AC1BE7230E00F3977D /* Food@2x.png */; };
		07A519B01BE7230E00F3977D /* Location@2x.png in Resources */ = {isa = PBXBuildFile; fileRef = 07A519AD1BE7230E00F3977D /* Location@2x.png */; };
		07A519B31BE7302F00F3977D /* AddCardViewController.m in Sources */ = {isa = PBXBuildFile; fileRef = 07A519B21BE7302F00F3977D /* AddCardViewController.m */; };
		07D45A691BF7D1CD00E9D8C5 /* Card.m in Sources */ = {isa = PBXBuildFile; fileRef = 07D45A5F1BF7D1CD00E9D8C5 /* Card.m */; };
		07D45A6A1BF7D1CD00E9D8C5 /* Conekta.m in Sources */ = {isa = PBXBuildFile; fileRef = 07D45A611BF7D1CD00E9D8C5 /* Conekta.m */; };
		07D45A6B1BF7D1CD00E9D8C5 /* Connection.m in Sources */ = {isa = PBXBuildFile; fileRef = 07D45A661BF7D1CD00E9D8C5 /* Connection.m */; };
		07D45A6C1BF7D1CD00E9D8C5 /* Token.m in Sources */ = {isa = PBXBuildFile; fileRef = 07D45A681BF7D1CD00E9D8C5 /* Token.m */; };
		07E336A31BE43FBF0040CC90 /* main.m in Sources */ = {isa = PBXBuildFile; fileRef = 07E336A21BE43FBF0040CC90 /* main.m */; };
		07E336A61BE43FBF0040CC90 /* AppDelegate.m in Sources */ = {isa = PBXBuildFile; fileRef = 07E336A51BE43FBF0040CC90 /* AppDelegate.m */; };
		07E336AC1BE43FBF0040CC90 /* Main.storyboard in Resources */ = {isa = PBXBuildFile; fileRef = 07E336AA1BE43FBF0040CC90 /* Main.storyboard */; };
		07E336AE1BE43FBF0040CC90 /* Assets.xcassets in Resources */ = {isa = PBXBuildFile; fileRef = 07E336AD1BE43FBF0040CC90 /* Assets.xcassets */; };
		07E336B11BE43FBF0040CC90 /* LaunchScreen.storyboard in Resources */ = {isa = PBXBuildFile; fileRef = 07E336AF1BE43FBF0040CC90 /* LaunchScreen.storyboard */; };
		07E336BC1BE43FBF0040CC90 /* MonkTests.m in Sources */ = {isa = PBXBuildFile; fileRef = 07E336BB1BE43FBF0040CC90 /* MonkTests.m */; };
		07E336C71BE43FBF0040CC90 /* MonkUITests.m in Sources */ = {isa = PBXBuildFile; fileRef = 07E336C61BE43FBF0040CC90 /* MonkUITests.m */; };
		07E336D61BE442920040CC90 /* InitialViewController.m in Sources */ = {isa = PBXBuildFile; fileRef = 07E336D51BE442920040CC90 /* InitialViewController.m */; };
		07E336D91BE44BB90040CC90 /* MapKit.framework in Frameworks */ = {isa = PBXBuildFile; fileRef = 07E336D81BE44BB90040CC90 /* MapKit.framework */; };
		07E336DF1BE457A00040CC90 /* MenuViewController.m in Sources */ = {isa = PBXBuildFile; fileRef = 07E336DE1BE457A00040CC90 /* MenuViewController.m */; };
		07E336E21BE457B10040CC90 /* UbicacionViewController.m in Sources */ = {isa = PBXBuildFile; fileRef = 07E336E11BE457B10040CC90 /* UbicacionViewController.m */; };
		07E336E51BE457B90040CC90 /* CuentaViewController.m in Sources */ = {isa = PBXBuildFile; fileRef = 07E336E41BE457B90040CC90 /* CuentaViewController.m */; };
		07E336E81BE462CE0040CC90 /* AssistantsViewController.m in Sources */ = {isa = PBXBuildFile; fileRef = 07E336E71BE462CE0040CC90 /* AssistantsViewController.m */; };
		07E336EB1BE468860040CC90 /* FriendsViewController.m in Sources */ = {isa = PBXBuildFile; fileRef = 07E336EA1BE468860040CC90 /* FriendsViewController.m */; };
/* End PBXBuildFile section */

/* Begin PBXContainerItemProxy section */
		07E336B81BE43FBF0040CC90 /* PBXContainerItemProxy */ = {
			isa = PBXContainerItemProxy;
			containerPortal = 07E336961BE43FBF0040CC90 /* Project object */;
			proxyType = 1;
			remoteGlobalIDString = 07E3369D1BE43FBF0040CC90;
			remoteInfo = Monk;
		};
		07E336C31BE43FBF0040CC90 /* PBXContainerItemProxy */ = {
			isa = PBXContainerItemProxy;
			containerPortal = 07E336961BE43FBF0040CC90 /* Project object */;
			proxyType = 1;
			remoteGlobalIDString = 07E3369D1BE43FBF0040CC90;
			remoteInfo = Monk;
		};
/* End PBXContainerItemProxy section */

/* Begin PBXFileReference section */
		070002511BE5C2AB00CD7F21 /* AudioToolbox.framework */ = {isa = PBXFileReference; lastKnownFileType = wrapper.framework; name = AudioToolbox.framework; path = System/Library/Frameworks/AudioToolbox.framework; sourceTree = SDKROOT; };
		070002531BE5C2B400CD7F21 /* CFNetwork.framework */ = {isa = PBXFileReference; lastKnownFileType = wrapper.framework; name = CFNetwork.framework; path = System/Library/Frameworks/CFNetwork.framework; sourceTree = SDKROOT; };
		070002551BE5C2C600CD7F21 /* libz.1.1.3.tbd */ = {isa = PBXFileReference; lastKnownFileType = "sourcecode.text-based-dylib-definition"; name = libz.1.1.3.tbd; path = usr/lib/libz.1.1.3.tbd; sourceTree = SDKROOT; };
		070002571BE5C2CF00CD7F21 /* MobileCoreServices.framework */ = {isa = PBXFileReference; lastKnownFileType = wrapper.framework; name = MobileCoreServices.framework; path = System/Library/Frameworks/MobileCoreServices.framework; sourceTree = SDKROOT; };
		070002591BE5C2D800CD7F21 /* QuartzCore.framework */ = {isa = PBXFileReference; lastKnownFileType = wrapper.framework; name = QuartzCore.framework; path = System/Library/Frameworks/QuartzCore.framework; sourceTree = SDKROOT; };
		0700025B1BE5C2E100CD7F21 /* Security.framework */ = {isa = PBXFileReference; lastKnownFileType = wrapper.framework; name = Security.framework; path = System/Library/Frameworks/Security.framework; sourceTree = SDKROOT; };
		0700025D1BE5C2E900CD7F21 /* StoreKit.framework */ = {isa = PBXFileReference; lastKnownFileType = wrapper.framework; name = StoreKit.framework; path = System/Library/Frameworks/StoreKit.framework; sourceTree = SDKROOT; };
		0700025F1BE5C2F800CD7F21 /* SystemConfiguration.framework */ = {isa = PBXFileReference; lastKnownFileType = wrapper.framework; name = SystemConfiguration.framework; path = System/Library/Frameworks/SystemConfiguration.framework; sourceTree = SDKROOT; };
		070002611BE5C32C00CD7F21 /* Parse.framework */ = {isa = PBXFileReference; lastKnownFileType = wrapper.framework; path = Parse.framework; sourceTree = "<group>"; };
		070002631BE5C36100CD7F21 /* Bolts.framework */ = {isa = PBXFileReference; lastKnownFileType = wrapper.framework; path = Bolts.framework; sourceTree = "<group>"; };
		070002651BE5C3E300CD7F21 /* libsqlite3.0.tbd */ = {isa = PBXFileReference; lastKnownFileType = "sourcecode.text-based-dylib-definition"; name = libsqlite3.0.tbd; path = usr/lib/libsqlite3.0.tbd; sourceTree = SDKROOT; };
		070002671BE5C5FF00CD7F21 /* FBSDKLoginKit.framework */ = {isa = PBXFileReference; lastKnownFileType = wrapper.framework; path = FBSDKLoginKit.framework; sourceTree = "<group>"; };
		070002691BE5C69C00CD7F21 /* FBSDKCoreKit.framework */ = {isa = PBXFileReference; lastKnownFileType = wrapper.framework; path = FBSDKCoreKit.framework; sourceTree = "<group>"; };
		0700026D1BE5CB9D00CD7F21 /* ParseFacebookUtilsV4.framework */ = {isa = PBXFileReference; lastKnownFileType = wrapper.framework; path = ParseFacebookUtilsV4.framework; sourceTree = "<group>"; };
		0753B6DB1BECF1F900B18C4F /* DXStarRatingView.h */ = {isa = PBXFileReference; fileEncoding = 4; lastKnownFileType = sourcecode.c.h; path = DXStarRatingView.h; sourceTree = "<group>"; };
		0753B6DC1BECF1F900B18C4F /* DXStarRatingView.m */ = {isa = PBXFileReference; fileEncoding = 4; lastKnownFileType = sourcecode.c.objc; path = DXStarRatingView.m; sourceTree = "<group>"; };
		0753B6DD1BECF1F900B18C4F /* rating-star-off@2x.png */ = {isa = PBXFileReference; lastKnownFileType = image.png; path = "rating-star-off@2x.png"; sourceTree = "<group>"; };
		0753B6DE1BECF1F900B18C4F /* rating-star-on@2x.png */ = {isa = PBXFileReference; lastKnownFileType = image.png; path = "rating-star-on@2x.png"; sourceTree = "<group>"; };
		0753B6E21BECF22300B18C4F /* RateViewController.h */ = {isa = PBXFileReference; fileEncoding = 4; lastKnownFileType = sourcecode.c.h; path = RateViewController.h; sourceTree = "<group>"; };
		0753B6E31BECF22300B18C4F /* RateViewController.m */ = {isa = PBXFileReference; fileEncoding = 4; lastKnownFileType = sourcecode.c.objc; path = RateViewController.m; sourceTree = "<group>"; };
		0753B6E51BECFC7700B18C4F /* FeedbackViewController.h */ = {isa = PBXFileReference; fileEncoding = 4; lastKnownFileType = sourcecode.c.h; path = FeedbackViewController.h; sourceTree = "<group>"; };
		0753B6E61BECFC7700B18C4F /* FeedbackViewController.m */ = {isa = PBXFileReference; fileEncoding = 4; lastKnownFileType = sourcecode.c.objc; path = FeedbackViewController.m; sourceTree = "<group>"; };
		0753B6E81BED0C0100B18C4F /* DescriptionViewController.h */ = {isa = PBXFileReference; fileEncoding = 4; lastKnownFileType = sourcecode.c.h; path = DescriptionViewController.h; sourceTree = "<group>"; };
		0753B6E91BED0C0100B18C4F /* DescriptionViewController.m */ = {isa = PBXFileReference; fileEncoding = 4; lastKnownFileType = sourcecode.c.objc; path = DescriptionViewController.m; sourceTree = "<group>"; };
		0754E2A61BE5272500D369BE /* CoreLocation.framework */ = {isa = PBXFileReference; lastKnownFileType = wrapper.framework; name = CoreLocation.framework; path = System/Library/Frameworks/CoreLocation.framework; sourceTree = SDKROOT; };
		0754E2A91BE57BD100D369BE /* CardViewController.h */ = {isa = PBXFileReference; fileEncoding = 4; lastKnownFileType = sourcecode.c.h; path = CardViewController.h; sourceTree = "<group>"; };
		0754E2AA1BE57BD200D369BE /* CardViewController.m */ = {isa = PBXFileReference; fileEncoding = 4; lastKnownFileType = sourcecode.c.objc; path = CardViewController.m; sourceTree = "<group>"; };
		0754E2AC1BE57C0A00D369BE /* ProfileViewController.h */ = {isa = PBXFileReference; fileEncoding = 4; lastKnownFileType = sourcecode.c.h; path = ProfileViewController.h; sourceTree = "<group>"; };
		0754E2AD1BE57C0A00D369BE /* ProfileViewController.m */ = {isa = PBXFileReference; fileEncoding = 4; lastKnownFileType = sourcecode.c.objc; path = ProfileViewController.m; sourceTree = "<group>"; };
		0765130A1BF4FA050077F6BE /* monkP1.jpg */ = {isa = PBXFileReference; lastKnownFileType = image.jpeg; path = monkP1.jpg; sourceTree = "<group>"; };
		0765130B1BF4FA050077F6BE /* monkP2.jpg */ = {isa = PBXFileReference; lastKnownFileType = image.jpeg; path = monkP2.jpg; sourceTree = "<group>"; };
		0765130C1BF4FA050077F6BE /* monkP3.jpg */ = {isa = PBXFileReference; lastKnownFileType = image.jpeg; path = monkP3.jpg; sourceTree = "<group>"; };
		079D3EAC1BF9989A00E3DC09 /* TestViewController.h */ = {isa = PBXFileReference; fileEncoding = 4; lastKnownFileType = sourcecode.c.h; path = TestViewController.h; sourceTree = "<group>"; };
		079D3EAD1BF9989A00E3DC09 /* TestViewController.m */ = {isa = PBXFileReference; fileEncoding = 4; lastKnownFileType = sourcecode.c.objc; path = TestViewController.m; sourceTree = "<group>"; };
		07A519A61BE7077600F3977D /* pinMonk@2x.png */ = {isa = PBXFileReference; lastKnownFileType = image.png; path = "pinMonk@2x.png"; sourceTree = "<group>"; };
		07A519A81BE70D6200F3977D /* invitacion@2x.png */ = {isa = PBXFileReference; lastKnownFileType = image.png; path = "invitacion@2x.png"; sourceTree = "<group>"; };
		07A519AB1BE7230E00F3977D /* Cards@2x.png */ = {isa = PBXFileReference; lastKnownFileType = image.png; path = "Cards@2x.png"; sourceTree = "<group>"; };
		07A519AC1BE7230E00F3977D /* Food@2x.png */ = {isa = PBXFileReference; lastKnownFileType = image.png; path = "Food@2x.png"; sourceTree = "<group>"; };
		07A519AD1BE7230E00F3977D /* Location@2x.png */ = {isa = PBXFileReference; lastKnownFileType = image.png; path = "Location@2x.png"; sourceTree = "<group>"; };
		07A519B11BE7302F00F3977D /* AddCardViewController.h */ = {isa = PBXFileReference; fileEncoding = 4; lastKnownFileType = sourcecode.c.h; path = AddCardViewController.h; sourceTree = "<group>"; };
		07A519B21BE7302F00F3977D /* AddCardViewController.m */ = {isa = PBXFileReference; fileEncoding = 4; lastKnownFileType = sourcecode.c.objc; path = AddCardViewController.m; sourceTree = "<group>"; };
		07D45A5E1BF7D1CD00E9D8C5 /* Card.h */ = {isa = PBXFileReference; fileEncoding = 4; lastKnownFileType = sourcecode.c.h; path = Card.h; sourceTree = "<group>"; };
		07D45A5F1BF7D1CD00E9D8C5 /* Card.m */ = {isa = PBXFileReference; fileEncoding = 4; lastKnownFileType = sourcecode.c.objc; path = Card.m; sourceTree = "<group>"; };
		07D45A601BF7D1CD00E9D8C5 /* Conekta.h */ = {isa = PBXFileReference; fileEncoding = 4; lastKnownFileType = sourcecode.c.h; path = Conekta.h; sourceTree = "<group>"; };
		07D45A611BF7D1CD00E9D8C5 /* Conekta.m */ = {isa = PBXFileReference; fileEncoding = 4; lastKnownFileType = sourcecode.c.objc; path = Conekta.m; sourceTree = "<group>"; };
		07D45A651BF7D1CD00E9D8C5 /* Connection.h */ = {isa = PBXFileReference; fileEncoding = 4; lastKnownFileType = sourcecode.c.h; path = Connection.h; sourceTree = "<group>"; };
		07D45A661BF7D1CD00E9D8C5 /* Connection.m */ = {isa = PBXFileReference; fileEncoding = 4; lastKnownFileType = sourcecode.c.objc; path = Connection.m; sourceTree = "<group>"; };
		07D45A671BF7D1CD00E9D8C5 /* Token.h */ = {isa = PBXFileReference; fileEncoding = 4; lastKnownFileType = sourcecode.c.h; path = Token.h; sourceTree = "<group>"; };
		07D45A681BF7D1CD00E9D8C5 /* Token.m */ = {isa = PBXFileReference; fileEncoding = 4; lastKnownFileType = sourcecode.c.objc; path = Token.m; sourceTree = "<group>"; };
		07E3369E1BE43FBF0040CC90 /* Monk.app */ = {isa = PBXFileReference; explicitFileType = wrapper.application; includeInIndex = 0; path = Monk.app; sourceTree = BUILT_PRODUCTS_DIR; };
		07E336A21BE43FBF0040CC90 /* main.m */ = {isa = PBXFileReference; lastKnownFileType = sourcecode.c.objc; path = main.m; sourceTree = "<group>"; };
		07E336A41BE43FBF0040CC90 /* AppDelegate.h */ = {isa = PBXFileReference; lastKnownFileType = sourcecode.c.h; path = AppDelegate.h; sourceTree = "<group>"; };
		07E336A51BE43FBF0040CC90 /* AppDelegate.m */ = {isa = PBXFileReference; lastKnownFileType = sourcecode.c.objc; path = AppDelegate.m; sourceTree = "<group>"; };
		07E336AB1BE43FBF0040CC90 /* Base */ = {isa = PBXFileReference; lastKnownFileType = file.storyboard; name = Base; path = Base.lproj/Main.storyboard; sourceTree = "<group>"; };
		07E336AD1BE43FBF0040CC90 /* Assets.xcassets */ = {isa = PBXFileReference; lastKnownFileType = folder.assetcatalog; path = Assets.xcassets; sourceTree = "<group>"; };
		07E336B01BE43FBF0040CC90 /* Base */ = {isa = PBXFileReference; lastKnownFileType = file.storyboard; name = Base; path = Base.lproj/LaunchScreen.storyboard; sourceTree = "<group>"; };
		07E336B21BE43FBF0040CC90 /* Info.plist */ = {isa = PBXFileReference; lastKnownFileType = text.plist.xml; path = Info.plist; sourceTree = "<group>"; };
		07E336B71BE43FBF0040CC90 /* MonkTests.xctest */ = {isa = PBXFileReference; explicitFileType = wrapper.cfbundle; includeInIndex = 0; path = MonkTests.xctest; sourceTree = BUILT_PRODUCTS_DIR; };
		07E336BB1BE43FBF0040CC90 /* MonkTests.m */ = {isa = PBXFileReference; lastKnownFileType = sourcecode.c.objc; path = MonkTests.m; sourceTree = "<group>"; };
		07E336BD1BE43FBF0040CC90 /* Info.plist */ = {isa = PBXFileReference; lastKnownFileType = text.plist.xml; path = Info.plist; sourceTree = "<group>"; };
		07E336C21BE43FBF0040CC90 /* MonkUITests.xctest */ = {isa = PBXFileReference; explicitFileType = wrapper.cfbundle; includeInIndex = 0; path = MonkUITests.xctest; sourceTree = BUILT_PRODUCTS_DIR; };
		07E336C61BE43FBF0040CC90 /* MonkUITests.m */ = {isa = PBXFileReference; lastKnownFileType = sourcecode.c.objc; path = MonkUITests.m; sourceTree = "<group>"; };
		07E336C81BE43FBF0040CC90 /* Info.plist */ = {isa = PBXFileReference; lastKnownFileType = text.plist.xml; path = Info.plist; sourceTree = "<group>"; };
		07E336D41BE442920040CC90 /* InitialViewController.h */ = {isa = PBXFileReference; fileEncoding = 4; lastKnownFileType = sourcecode.c.h; path = InitialViewController.h; sourceTree = "<group>"; };
		07E336D51BE442920040CC90 /* InitialViewController.m */ = {isa = PBXFileReference; fileEncoding = 4; lastKnownFileType = sourcecode.c.objc; path = InitialViewController.m; sourceTree = "<group>"; };
		07E336D81BE44BB90040CC90 /* MapKit.framework */ = {isa = PBXFileReference; lastKnownFileType = wrapper.framework; name = MapKit.framework; path = System/Library/Frameworks/MapKit.framework; sourceTree = SDKROOT; };
		07E336DD1BE457A00040CC90 /* MenuViewController.h */ = {isa = PBXFileReference; fileEncoding = 4; lastKnownFileType = sourcecode.c.h; path = MenuViewController.h; sourceTree = "<group>"; };
		07E336DE1BE457A00040CC90 /* MenuViewController.m */ = {isa = PBXFileReference; fileEncoding = 4; lastKnownFileType = sourcecode.c.objc; path = MenuViewController.m; sourceTree = "<group>"; };
		07E336E01BE457B10040CC90 /* UbicacionViewController.h */ = {isa = PBXFileReference; fileEncoding = 4; lastKnownFileType = sourcecode.c.h; path = UbicacionViewController.h; sourceTree = "<group>"; };
		07E336E11BE457B10040CC90 /* UbicacionViewController.m */ = {isa = PBXFileReference; fileEncoding = 4; lastKnownFileType = sourcecode.c.objc; path = UbicacionViewController.m; sourceTree = "<group>"; };
		07E336E31BE457B90040CC90 /* CuentaViewController.h */ = {isa = PBXFileReference; fileEncoding = 4; lastKnownFileType = sourcecode.c.h; path = CuentaViewController.h; sourceTree = "<group>"; };
		07E336E41BE457B90040CC90 /* CuentaViewController.m */ = {isa = PBXFileReference; fileEncoding = 4; lastKnownFileType = sourcecode.c.objc; path = CuentaViewController.m; sourceTree = "<group>"; };
		07E336E61BE462CE0040CC90 /* AssistantsViewController.h */ = {isa = PBXFileReference; fileEncoding = 4; lastKnownFileType = sourcecode.c.h; path = AssistantsViewController.h; sourceTree = "<group>"; };
		07E336E71BE462CE0040CC90 /* AssistantsViewController.m */ = {isa = PBXFileReference; fileEncoding = 4; lastKnownFileType = sourcecode.c.objc; path = AssistantsViewController.m; sourceTree = "<group>"; };
		07E336E91BE468860040CC90 /* FriendsViewController.h */ = {isa = PBXFileReference; fileEncoding = 4; lastKnownFileType = sourcecode.c.h; path = FriendsViewController.h; sourceTree = "<group>"; };
		07E336EA1BE468860040CC90 /* FriendsViewController.m */ = {isa = PBXFileReference; fileEncoding = 4; lastKnownFileType = sourcecode.c.objc; path = FriendsViewController.m; sourceTree = "<group>"; };
/* End PBXFileReference section */

/* Begin PBXFrameworksBuildPhase section */
		07E3369B1BE43FBF0040CC90 /* Frameworks */ = {
			isa = PBXFrameworksBuildPhase;
			buildActionMask = 2147483647;
			files = (
				070002661BE5C3E300CD7F21 /* libsqlite3.0.tbd in Frameworks */,
				070002601BE5C2F800CD7F21 /* SystemConfiguration.framework in Frameworks */,
				0700025E1BE5C2E900CD7F21 /* StoreKit.framework in Frameworks */,
				0700025C1BE5C2E100CD7F21 /* Security.framework in Frameworks */,
				070002681BE5C5FF00CD7F21 /* FBSDKLoginKit.framework in Frameworks */,
				070002641BE5C36100CD7F21 /* Bolts.framework in Frameworks */,
				0700025A1BE5C2D800CD7F21 /* QuartzCore.framework in Frameworks */,
				070002581BE5C2CF00CD7F21 /* MobileCoreServices.framework in Frameworks */,
				070002561BE5C2C600CD7F21 /* libz.1.1.3.tbd in Frameworks */,
				070002621BE5C32C00CD7F21 /* Parse.framework in Frameworks */,
				0700026E1BE5CB9D00CD7F21 /* ParseFacebookUtilsV4.framework in Frameworks */,
				0700026A1BE5C69C00CD7F21 /* FBSDKCoreKit.framework in Frameworks */,
				070002541BE5C2B400CD7F21 /* CFNetwork.framework in Frameworks */,
				070002521BE5C2AB00CD7F21 /* AudioToolbox.framework in Frameworks */,
				0754E2A71BE5272500D369BE /* CoreLocation.framework in Frameworks */,
				07E336D91BE44BB90040CC90 /* MapKit.framework in Frameworks */,
			);
			runOnlyForDeploymentPostprocessing = 0;
		};
		07E336B41BE43FBF0040CC90 /* Frameworks */ = {
			isa = PBXFrameworksBuildPhase;
			buildActionMask = 2147483647;
			files = (
			);
			runOnlyForDeploymentPostprocessing = 0;
		};
		07E336BF1BE43FBF0040CC90 /* Frameworks */ = {
			isa = PBXFrameworksBuildPhase;
			buildActionMask = 2147483647;
			files = (
			);
			runOnlyForDeploymentPostprocessing = 0;
		};
/* End PBXFrameworksBuildPhase section */

/* Begin PBXGroup section */
		0753B6DA1BECF00700B18C4F /* FeedbackViews */ = {
			isa = PBXGroup;
			children = (
				0753B6DB1BECF1F900B18C4F /* DXStarRatingView.h */,
				0753B6DC1BECF1F900B18C4F /* DXStarRatingView.m */,
				0753B6DD1BECF1F900B18C4F /* rating-star-off@2x.png */,
				0753B6DE1BECF1F900B18C4F /* rating-star-on@2x.png */,
				0753B6E21BECF22300B18C4F /* RateViewController.h */,
				0753B6E31BECF22300B18C4F /* RateViewController.m */,
				0753B6E51BECFC7700B18C4F /* FeedbackViewController.h */,
				0753B6E61BECFC7700B18C4F /* FeedbackViewController.m */,
			);
			name = FeedbackViews;
			sourceTree = "<group>";
		};
		076513091BF4F9F60077F6BE /* Initial View */ = {
			isa = PBXGroup;
			children = (
				0765130A1BF4FA050077F6BE /* monkP1.jpg */,
				0765130B1BF4FA050077F6BE /* monkP2.jpg */,
				0765130C1BF4FA050077F6BE /* monkP3.jpg */,
			);
			name = "Initial View";
			sourceTree = "<group>";
		};
		07A519A31BE7071A00F3977D /* Image Assets */ = {
			isa = PBXGroup;
			children = (
				07A519A61BE7077600F3977D /* pinMonk@2x.png */,
			);
			name = "Image Assets";
			sourceTree = "<group>";
		};
		07A519A41BE7072500F3977D /* Image Assets */ = {
			isa = PBXGroup;
			children = (
			);
			name = "Image Assets";
			sourceTree = "<group>";
		};
		07A519A51BE7072D00F3977D /* Image Assets */ = {
			isa = PBXGroup;
			children = (
				07A519A81BE70D6200F3977D /* invitacion@2x.png */,
			);
			name = "Image Assets";
			sourceTree = "<group>";
		};
		07A519AA1BE722D700F3977D /* Image Assets */ = {
			isa = PBXGroup;
			children = (
				076513091BF4F9F60077F6BE /* Initial View */,
				07A519AB1BE7230E00F3977D /* Cards@2x.png */,
				07A519AC1BE7230E00F3977D /* Food@2x.png */,
				07A519AD1BE7230E00F3977D /* Location@2x.png */,
			);
			name = "Image Assets";
			sourceTree = "<group>";
		};
		07D45A5D1BF7D1CD00E9D8C5 /* Conekta */ = {
			isa = PBXGroup;
			children = (
				07D45A5E1BF7D1CD00E9D8C5 /* Card.h */,
				07D45A5F1BF7D1CD00E9D8C5 /* Card.m */,
				07D45A601BF7D1CD00E9D8C5 /* Conekta.h */,
				07D45A611BF7D1CD00E9D8C5 /* Conekta.m */,
				07D45A651BF7D1CD00E9D8C5 /* Connection.h */,
				07D45A661BF7D1CD00E9D8C5 /* Connection.m */,
				07D45A671BF7D1CD00E9D8C5 /* Token.h */,
				07D45A681BF7D1CD00E9D8C5 /* Token.m */,
			);
			path = Conekta;
			sourceTree = "<group>";
		};
		07E336951BE43FBF0040CC90 = {
			isa = PBXGroup;
			children = (
				07E336A01BE43FBF0040CC90 /* Monk */,
				07E336BA1BE43FBF0040CC90 /* MonkTests */,
				07E336D71BE44BA60040CC90 /* Frameworks */,
				07E336C51BE43FBF0040CC90 /* MonkUITests */,
				07E3369F1BE43FBF0040CC90 /* Products */,
			);
			sourceTree = "<group>";
		};
		07E3369F1BE43FBF0040CC90 /* Products */ = {
			isa = PBXGroup;
			children = (
				07E3369E1BE43FBF0040CC90 /* Monk.app */,
				07E336B71BE43FBF0040CC90 /* MonkTests.xctest */,
				07E336C21BE43FBF0040CC90 /* MonkUITests.xctest */,
			);
			name = Products;
			sourceTree = "<group>";
		};
		07E336A01BE43FBF0040CC90 /* Monk */ = {
			isa = PBXGroup;
			children = (
				07A519AA1BE722D700F3977D /* Image Assets */,
				07E336A41BE43FBF0040CC90 /* AppDelegate.h */,
				07E336A51BE43FBF0040CC90 /* AppDelegate.m */,
				07E336AA1BE43FBF0040CC90 /* Main.storyboard */,
				079D3EAC1BF9989A00E3DC09 /* TestViewController.h */,
				079D3EAD1BF9989A00E3DC09 /* TestViewController.m */,
				07E336D41BE442920040CC90 /* InitialViewController.h */,
				07E336D51BE442920040CC90 /* InitialViewController.m */,
				07E336DA1BE457590040CC90 /* Menu Section */,
				07E336DB1BE457670040CC90 /* Ubicacion Section */,
				07E336DC1BE457820040CC90 /* Cuenta Section */,
				07E336AD1BE43FBF0040CC90 /* Assets.xcassets */,
				07E336AF1BE43FBF0040CC90 /* LaunchScreen.storyboard */,
				07E336B21BE43FBF0040CC90 /* Info.plist */,
				07E336A11BE43FBF0040CC90 /* Supporting Files */,
			);
			path = Monk;
			sourceTree = "<group>";
		};
		07E336A11BE43FBF0040CC90 /* Supporting Files */ = {
			isa = PBXGroup;
			children = (
				07E336A21BE43FBF0040CC90 /* main.m */,
			);
			name = "Supporting Files";
			sourceTree = "<group>";
		};
		07E336BA1BE43FBF0040CC90 /* MonkTests */ = {
			isa = PBXGroup;
			children = (
				07E336BB1BE43FBF0040CC90 /* MonkTests.m */,
				07E336BD1BE43FBF0040CC90 /* Info.plist */,
			);
			path = MonkTests;
			sourceTree = "<group>";
		};
		07E336C51BE43FBF0040CC90 /* MonkUITests */ = {
			isa = PBXGroup;
			children = (
				07E336C61BE43FBF0040CC90 /* MonkUITests.m */,
				07E336C81BE43FBF0040CC90 /* Info.plist */,
			);
			path = MonkUITests;
			sourceTree = "<group>";
		};
		07E336D71BE44BA60040CC90 /* Frameworks */ = {
			isa = PBXGroup;
			children = (
				07D45A5D1BF7D1CD00E9D8C5 /* Conekta */,
				070002651BE5C3E300CD7F21 /* libsqlite3.0.tbd */,
				0700026D1BE5CB9D00CD7F21 /* ParseFacebookUtilsV4.framework */,
				070002691BE5C69C00CD7F21 /* FBSDKCoreKit.framework */,
				070002671BE5C5FF00CD7F21 /* FBSDKLoginKit.framework */,
				070002631BE5C36100CD7F21 /* Bolts.framework */,
				070002611BE5C32C00CD7F21 /* Parse.framework */,
				0700025F1BE5C2F800CD7F21 /* SystemConfiguration.framework */,
				0700025D1BE5C2E900CD7F21 /* StoreKit.framework */,
				0700025B1BE5C2E100CD7F21 /* Security.framework */,
				070002591BE5C2D800CD7F21 /* QuartzCore.framework */,
				070002571BE5C2CF00CD7F21 /* MobileCoreServices.framework */,
				070002551BE5C2C600CD7F21 /* libz.1.1.3.tbd */,
				070002531BE5C2B400CD7F21 /* CFNetwork.framework */,
				070002511BE5C2AB00CD7F21 /* AudioToolbox.framework */,
				0754E2A61BE5272500D369BE /* CoreLocation.framework */,
				07E336D81BE44BB90040CC90 /* MapKit.framework */,
			);
			name = Frameworks;
			sourceTree = "<group>";
		};
		07E336DA1BE457590040CC90 /* Menu Section */ = {
			isa = PBXGroup;
			children = (
				07A519A41BE7072500F3977D /* Image Assets */,
				07E336DD1BE457A00040CC90 /* MenuViewController.h */,
				07E336DE1BE457A00040CC90 /* MenuViewController.m */,
				07E336E61BE462CE0040CC90 /* AssistantsViewController.h */,
				07E336E71BE462CE0040CC90 /* AssistantsViewController.m */,
				07E336E91BE468860040CC90 /* FriendsViewController.h */,
				07E336EA1BE468860040CC90 /* FriendsViewController.m */,
				0753B6E81BED0C0100B18C4F /* DescriptionViewController.h */,
				0753B6E91BED0C0100B18C4F /* DescriptionViewController.m */,
			);
			name = "Menu Section";
			sourceTree = "<group>";
		};
		07E336DB1BE457670040CC90 /* Ubicacion Section */ = {
			isa = PBXGroup;
			children = (
				07A519A31BE7071A00F3977D /* Image Assets */,
				07E336E01BE457B10040CC90 /* UbicacionViewController.h */,
				07E336E11BE457B10040CC90 /* UbicacionViewController.m */,
			);
			name = "Ubicacion Section";
			sourceTree = "<group>";
		};
		07E336DC1BE457820040CC90 /* Cuenta Section */ = {
			isa = PBXGroup;
			children = (
				0753B6DA1BECF00700B18C4F /* FeedbackViews */,
				07A519A51BE7072D00F3977D /* Image Assets */,
				07E336E31BE457B90040CC90 /* CuentaViewController.h */,
				07E336E41BE457B90040CC90 /* CuentaViewController.m */,
				0754E2A91BE57BD100D369BE /* CardViewController.h */,
				0754E2AA1BE57BD200D369BE /* CardViewController.m */,
				0754E2AC1BE57C0A00D369BE /* ProfileViewController.h */,
				0754E2AD1BE57C0A00D369BE /* ProfileViewController.m */,
				07A519B11BE7302F00F3977D /* AddCardViewController.h */,
				07A519B21BE7302F00F3977D /* AddCardViewController.m */,
			);
			name = "Cuenta Section";
			sourceTree = "<group>";
		};
/* End PBXGroup section */

/* Begin PBXNativeTarget section */
		07E3369D1BE43FBF0040CC90 /* Monk */ = {
			isa = PBXNativeTarget;
			buildConfigurationList = 07E336CB1BE43FBF0040CC90 /* Build configuration list for PBXNativeTarget "Monk" */;
			buildPhases = (
				07E3369A1BE43FBF0040CC90 /* Sources */,
				07E3369B1BE43FBF0040CC90 /* Frameworks */,
				07E3369C1BE43FBF0040CC90 /* Resources */,
			);
			buildRules = (
			);
			dependencies = (
			);
			name = Monk;
			productName = Monk;
			productReference = 07E3369E1BE43FBF0040CC90 /* Monk.app */;
			productType = "com.apple.product-type.application";
		};
		07E336B61BE43FBF0040CC90 /* MonkTests */ = {
			isa = PBXNativeTarget;
			buildConfigurationList = 07E336CE1BE43FBF0040CC90 /* Build configuration list for PBXNativeTarget "MonkTests" */;
			buildPhases = (
				07E336B31BE43FBF0040CC90 /* Sources */,
				07E336B41BE43FBF0040CC90 /* Frameworks */,
				07E336B51BE43FBF0040CC90 /* Resources */,
			);
			buildRules = (
			);
			dependencies = (
				07E336B91BE43FBF0040CC90 /* PBXTargetDependency */,
			);
			name = MonkTests;
			productName = MonkTests;
			productReference = 07E336B71BE43FBF0040CC90 /* MonkTests.xctest */;
			productType = "com.apple.product-type.bundle.unit-test";
		};
		07E336C11BE43FBF0040CC90 /* MonkUITests */ = {
			isa = PBXNativeTarget;
			buildConfigurationList = 07E336D11BE43FBF0040CC90 /* Build configuration list for PBXNativeTarget "MonkUITests" */;
			buildPhases = (
				07E336BE1BE43FBF0040CC90 /* Sources */,
				07E336BF1BE43FBF0040CC90 /* Frameworks */,
				07E336C01BE43FBF0040CC90 /* Resources */,
			);
			buildRules = (
			);
			dependencies = (
				07E336C41BE43FBF0040CC90 /* PBXTargetDependency */,
			);
			name = MonkUITests;
			productName = MonkUITests;
			productReference = 07E336C21BE43FBF0040CC90 /* MonkUITests.xctest */;
			productType = "com.apple.product-type.bundle.ui-testing";
		};
/* End PBXNativeTarget section */

/* Begin PBXProject section */
		07E336961BE43FBF0040CC90 /* Project object */ = {
			isa = PBXProject;
			attributes = {
				LastUpgradeCheck = 0710;
				ORGANIZATIONNAME = "Abner Castro Aguilar";
				TargetAttributes = {
					07E3369D1BE43FBF0040CC90 = {
						CreatedOnToolsVersion = 7.1;
					};
					07E336B61BE43FBF0040CC90 = {
						CreatedOnToolsVersion = 7.1;
						TestTargetID = 07E3369D1BE43FBF0040CC90;
					};
					07E336C11BE43FBF0040CC90 = {
						CreatedOnToolsVersion = 7.1;
						TestTargetID = 07E3369D1BE43FBF0040CC90;
					};
				};
			};
			buildConfigurationList = 07E336991BE43FBF0040CC90 /* Build configuration list for PBXProject "Monk" */;
			compatibilityVersion = "Xcode 3.2";
			developmentRegion = English;
			hasScannedForEncodings = 0;
			knownRegions = (
				en,
				Base,
			);
			mainGroup = 07E336951BE43FBF0040CC90;
			productRefGroup = 07E3369F1BE43FBF0040CC90 /* Products */;
			projectDirPath = "";
			projectRoot = "";
			targets = (
				07E3369D1BE43FBF0040CC90 /* Monk */,
				07E336B61BE43FBF0040CC90 /* MonkTests */,
				07E336C11BE43FBF0040CC90 /* MonkUITests */,
			);
		};
/* End PBXProject section */

/* Begin PBXResourcesBuildPhase section */
		07E3369C1BE43FBF0040CC90 /* Resources */ = {
			isa = PBXResourcesBuildPhase;
			buildActionMask = 2147483647;
			files = (
				0765130D1BF4FA050077F6BE /* monkP1.jpg in Resources */,
				0765130F1BF4FA050077F6BE /* monkP3.jpg in Resources */,
				07A519AE1BE7230E00F3977D /* Cards@2x.png in Resources */,
				07A519A91BE70D6200F3977D /* invitacion@2x.png in Resources */,
				0753B6E11BECF1F900B18C4F /* rating-star-on@2x.png in Resources */,
				0765130E1BF4FA050077F6BE /* monkP2.jpg in Resources */,
				07A519A71BE7077600F3977D /* pinMonk@2x.png in Resources */,
				0753B6E01BECF1F900B18C4F /* rating-star-off@2x.png in Resources */,
				07E336B11BE43FBF0040CC90 /* LaunchScreen.storyboard in Resources */,
				07E336AE1BE43FBF0040CC90 /* Assets.xcassets in Resources */,
				07A519B01BE7230E00F3977D /* Location@2x.png in Resources */,
				07A519AF1BE7230E00F3977D /* Food@2x.png in Resources */,
				07E336AC1BE43FBF0040CC90 /* Main.storyboard in Resources */,
			);
			runOnlyForDeploymentPostprocessing = 0;
		};
		07E336B51BE43FBF0040CC90 /* Resources */ = {
			isa = PBXResourcesBuildPhase;
			buildActionMask = 2147483647;
			files = (
			);
			runOnlyForDeploymentPostprocessing = 0;
		};
		07E336C01BE43FBF0040CC90 /* Resources */ = {
			isa = PBXResourcesBuildPhase;
			buildActionMask = 2147483647;
			files = (
			);
			runOnlyForDeploymentPostprocessing = 0;
		};
/* End PBXResourcesBuildPhase section */

/* Begin PBXSourcesBuildPhase section */
		07E3369A1BE43FBF0040CC90 /* Sources */ = {
			isa = PBXSourcesBuildPhase;
			buildActionMask = 2147483647;
			files = (
				07E336D61BE442920040CC90 /* InitialViewController.m in Sources */,
				07E336A61BE43FBF0040CC90 /* AppDelegate.m in Sources */,
				07E336E51BE457B90040CC90 /* CuentaViewController.m in Sources */,
				0753B6E71BECFC7700B18C4F /* FeedbackViewController.m in Sources */,
				07E336A31BE43FBF0040CC90 /* main.m in Sources */,
				07D45A6B1BF7D1CD00E9D8C5 /* Connection.m in Sources */,
				0753B6EA1BED0C0100B18C4F /* DescriptionViewController.m in Sources */,
				07A519B31BE7302F00F3977D /* AddCardViewController.m in Sources */,
				0754E2AE1BE57C0A00D369BE /* ProfileViewController.m in Sources */,
				07D45A6C1BF7D1CD00E9D8C5 /* Token.m in Sources */,
				07D45A6A1BF7D1CD00E9D8C5 /* Conekta.m in Sources */,
				07E336EB1BE468860040CC90 /* FriendsViewController.m in Sources */,
				0753B6DF1BECF1F900B18C4F /* DXStarRatingView.m in Sources */,
				0754E2AB1BE57BD200D369BE /* CardViewController.m in Sources */,
				079D3EAE1BF9989A00E3DC09 /* TestViewController.m in Sources */,
				07D45A691BF7D1CD00E9D8C5 /* Card.m in Sources */,
				07E336DF1BE457A00040CC90 /* MenuViewController.m in Sources */,
				07E336E81BE462CE0040CC90 /* AssistantsViewController.m in Sources */,
				07E336E21BE457B10040CC90 /* UbicacionViewController.m in Sources */,
				0753B6E41BECF22300B18C4F /* RateViewController.m in Sources */,
			);
			runOnlyForDeploymentPostprocessing = 0;
		};
		07E336B31BE43FBF0040CC90 /* Sources */ = {
			isa = PBXSourcesBuildPhase;
			buildActionMask = 2147483647;
			files = (
				07E336BC1BE43FBF0040CC90 /* MonkTests.m in Sources */,
			);
			runOnlyForDeploymentPostprocessing = 0;
		};
		07E336BE1BE43FBF0040CC90 /* Sources */ = {
			isa = PBXSourcesBuildPhase;
			buildActionMask = 2147483647;
			files = (
				07E336C71BE43FBF0040CC90 /* MonkUITests.m in Sources */,
			);
			runOnlyForDeploymentPostprocessing = 0;
		};
/* End PBXSourcesBuildPhase section */

/* Begin PBXTargetDependency section */
		07E336B91BE43FBF0040CC90 /* PBXTargetDependency */ = {
			isa = PBXTargetDependency;
			target = 07E3369D1BE43FBF0040CC90 /* Monk */;
			targetProxy = 07E336B81BE43FBF0040CC90 /* PBXContainerItemProxy */;
		};
		07E336C41BE43FBF0040CC90 /* PBXTargetDependency */ = {
			isa = PBXTargetDependency;
			target = 07E3369D1BE43FBF0040CC90 /* Monk */;
			targetProxy = 07E336C31BE43FBF0040CC90 /* PBXContainerItemProxy */;
		};
/* End PBXTargetDependency section */

/* Begin PBXVariantGroup section */
		07E336AA1BE43FBF0040CC90 /* Main.storyboard */ = {
			isa = PBXVariantGroup;
			children = (
				07E336AB1BE43FBF0040CC90 /* Base */,
			);
			name = Main.storyboard;
			sourceTree = "<group>";
		};
		07E336AF1BE43FBF0040CC90 /* LaunchScreen.storyboard */ = {
			isa = PBXVariantGroup;
			children = (
				07E336B01BE43FBF0040CC90 /* Base */,
			);
			name = LaunchScreen.storyboard;
			sourceTree = "<group>";
		};
/* End PBXVariantGroup section */

/* Begin XCBuildConfiguration section */
		07E336C91BE43FBF0040CC90 /* Debug */ = {
			isa = XCBuildConfiguration;
			buildSettings = {
				ALWAYS_SEARCH_USER_PATHS = NO;
				CLANG_CXX_LANGUAGE_STANDARD = "gnu++0x";
				CLANG_CXX_LIBRARY = "libc++";
				CLANG_ENABLE_MODULES = YES;
				CLANG_ENABLE_OBJC_ARC = YES;
				CLANG_WARN_BOOL_CONVERSION = YES;
				CLANG_WARN_CONSTANT_CONVERSION = YES;
				CLANG_WARN_DIRECT_OBJC_ISA_USAGE = YES_ERROR;
				CLANG_WARN_EMPTY_BODY = YES;
				CLANG_WARN_ENUM_CONVERSION = YES;
				CLANG_WARN_INT_CONVERSION = YES;
				CLANG_WARN_OBJC_ROOT_CLASS = YES_ERROR;
				CLANG_WARN_UNREACHABLE_CODE = YES;
				CLANG_WARN__DUPLICATE_METHOD_MATCH = YES;
				"CODE_SIGN_IDENTITY[sdk=iphoneos*]" = "iPhone Developer";
				COPY_PHASE_STRIP = NO;
				DEBUG_INFORMATION_FORMAT = dwarf;
				ENABLE_STRICT_OBJC_MSGSEND = YES;
				ENABLE_TESTABILITY = YES;
				GCC_C_LANGUAGE_STANDARD = gnu99;
				GCC_DYNAMIC_NO_PIC = NO;
				GCC_NO_COMMON_BLOCKS = YES;
				GCC_OPTIMIZATION_LEVEL = 0;
				GCC_PREPROCESSOR_DEFINITIONS = (
					"DEBUG=1",
					"$(inherited)",
				);
				GCC_WARN_64_TO_32_BIT_CONVERSION = YES;
				GCC_WARN_ABOUT_RETURN_TYPE = YES_ERROR;
				GCC_WARN_UNDECLARED_SELECTOR = YES;
				GCC_WARN_UNINITIALIZED_AUTOS = YES_AGGRESSIVE;
				GCC_WARN_UNUSED_FUNCTION = YES;
				GCC_WARN_UNUSED_VARIABLE = YES;
				IPHONEOS_DEPLOYMENT_TARGET = 9.1;
				MTL_ENABLE_DEBUG_INFO = YES;
				ONLY_ACTIVE_ARCH = YES;
				SDKROOT = iphoneos;
			};
			name = Debug;
		};
		07E336CA1BE43FBF0040CC90 /* Release */ = {
			isa = XCBuildConfiguration;
			buildSettings = {
				ALWAYS_SEARCH_USER_PATHS = NO;
				CLANG_CXX_LANGUAGE_STANDARD = "gnu++0x";
				CLANG_CXX_LIBRARY = "libc++";
				CLANG_ENABLE_MODULES = YES;
				CLANG_ENABLE_OBJC_ARC = YES;
				CLANG_WARN_BOOL_CONVERSION = YES;
				CLANG_WARN_CONSTANT_CONVERSION = YES;
				CLANG_WARN_DIRECT_OBJC_ISA_USAGE = YES_ERROR;
				CLANG_WARN_EMPTY_BODY = YES;
				CLANG_WARN_ENUM_CONVERSION = YES;
				CLANG_WARN_INT_CONVERSION = YES;
				CLANG_WARN_OBJC_ROOT_CLASS = YES_ERROR;
				CLANG_WARN_UNREACHABLE_CODE = YES;
				CLANG_WARN__DUPLICATE_METHOD_MATCH = YES;
				"CODE_SIGN_IDENTITY[sdk=iphoneos*]" = "iPhone Developer";
				COPY_PHASE_STRIP = NO;
				DEBUG_INFORMATION_FORMAT = "dwarf-with-dsym";
				ENABLE_NS_ASSERTIONS = NO;
				ENABLE_STRICT_OBJC_MSGSEND = YES;
				GCC_C_LANGUAGE_STANDARD = gnu99;
				GCC_NO_COMMON_BLOCKS = YES;
				GCC_WARN_64_TO_32_BIT_CONVERSION = YES;
				GCC_WARN_ABOUT_RETURN_TYPE = YES_ERROR;
				GCC_WARN_UNDECLARED_SELECTOR = YES;
				GCC_WARN_UNINITIALIZED_AUTOS = YES_AGGRESSIVE;
				GCC_WARN_UNUSED_FUNCTION = YES;
				GCC_WARN_UNUSED_VARIABLE = YES;
				IPHONEOS_DEPLOYMENT_TARGET = 9.1;
				MTL_ENABLE_DEBUG_INFO = NO;
				SDKROOT = iphoneos;
				VALIDATE_PRODUCT = YES;
			};
			name = Release;
		};
		07E336CC1BE43FBF0040CC90 /* Debug */ = {
			isa = XCBuildConfiguration;
			buildSettings = {
				ASSETCATALOG_COMPILER_APPICON_NAME = AppIcon;
				FRAMEWORK_SEARCH_PATHS = (
					"$(inherited)",
					"$(PROJECT_DIR)",
				);
				INFOPLIST_FILE = Monk/Info.plist;
				IPHONEOS_DEPLOYMENT_TARGET = 8.0;
				LD_RUNPATH_SEARCH_PATHS = "$(inherited) @executable_path/Frameworks";
				PRODUCT_BUNDLE_IDENTIFIER = abner.Monk;
				PRODUCT_NAME = "$(TARGET_NAME)";
			};
			name = Debug;
		};
		07E336CD1BE43FBF0040CC90 /* Release */ = {
			isa = XCBuildConfiguration;
			buildSettings = {
				ASSETCATALOG_COMPILER_APPICON_NAME = AppIcon;
				FRAMEWORK_SEARCH_PATHS = (
					"$(inherited)",
					"$(PROJECT_DIR)",
				);
				INFOPLIST_FILE = Monk/Info.plist;
				IPHONEOS_DEPLOYMENT_TARGET = 8.0;
				LD_RUNPATH_SEARCH_PATHS = "$(inherited) @executable_path/Frameworks";
				PRODUCT_BUNDLE_IDENTIFIER = abner.Monk;
				PRODUCT_NAME = "$(TARGET_NAME)";
			};
			name = Release;
		};
		07E336CF1BE43FBF0040CC90 /* Debug */ = {
			isa = XCBuildConfiguration;
			buildSettings = {
				BUNDLE_LOADER = "$(TEST_HOST)";
				INFOPLIST_FILE = MonkTests/Info.plist;
				LD_RUNPATH_SEARCH_PATHS = "$(inherited) @executable_path/Frameworks @loader_path/Frameworks";
				PRODUCT_BUNDLE_IDENTIFIER = abner.MonkTests;
				PRODUCT_NAME = "$(TARGET_NAME)";
				TEST_HOST = "$(BUILT_PRODUCTS_DIR)/Monk.app/Monk";
			};
			name = Debug;
		};
		07E336D01BE43FBF0040CC90 /* Release */ = {
			isa = XCBuildConfiguration;
			buildSettings = {
				BUNDLE_LOADER = "$(TEST_HOST)";
				INFOPLIST_FILE = MonkTests/Info.plist;
				LD_RUNPATH_SEARCH_PATHS = "$(inherited) @executable_path/Frameworks @loader_path/Frameworks";
				PRODUCT_BUNDLE_IDENTIFIER = abner.MonkTests;
				PRODUCT_NAME = "$(TARGET_NAME)";
				TEST_HOST = "$(BUILT_PRODUCTS_DIR)/Monk.app/Monk";
			};
			name = Release;
		};
		07E336D21BE43FBF0040CC90 /* Debug */ = {
			isa = XCBuildConfiguration;
			buildSettings = {
				INFOPLIST_FILE = MonkUITests/Info.plist;
				LD_RUNPATH_SEARCH_PATHS = "$(inherited) @executable_path/Frameworks @loader_path/Frameworks";
				PRODUCT_BUNDLE_IDENTIFIER = abner.MonkUITests;
				PRODUCT_NAME = "$(TARGET_NAME)";
				TEST_TARGET_NAME = Monk;
				USES_XCTRUNNER = YES;
			};
			name = Debug;
		};
		07E336D31BE43FBF0040CC90 /* Release */ = {
			isa = XCBuildConfiguration;
			buildSettings = {
				INFOPLIST_FILE = MonkUITests/Info.plist;
				LD_RUNPATH_SEARCH_PATHS = "$(inherited) @executable_path/Frameworks @loader_path/Frameworks";
				PRODUCT_BUNDLE_IDENTIFIER = abner.MonkUITests;
				PRODUCT_NAME = "$(TARGET_NAME)";
				TEST_TARGET_NAME = Monk;
				USES_XCTRUNNER = YES;
			};
			name = Release;
		};
/* End XCBuildConfiguration section */

/* Begin XCConfigurationList section */
		07E336991BE43FBF0040CC90 /* Build configuration list for PBXProject "Monk" */ = {
			isa = XCConfigurationList;
			buildConfigurations = (
				07E336C91BE43FBF0040CC90 /* Debug */,
				07E336CA1BE43FBF0040CC90 /* Release */,
			);
			defaultConfigurationIsVisible = 0;
			defaultConfigurationName = Release;
		};
		07E336CB1BE43FBF0040CC90 /* Build configuration list for PBXNativeTarget "Monk" */ = {
			isa = XCConfigurationList;
			buildConfigurations = (
				07E336CC1BE43FBF0040CC90 /* Debug */,
				07E336CD1BE43FBF0040CC90 /* Release */,
			);
			defaultConfigurationIsVisible = 0;
			defaultConfigurationName = Release;
		};
		07E336CE1BE43FBF0040CC90 /* Build configuration list for PBXNativeTarget "MonkTests" */ = {
			isa = XCConfigurationList;
			buildConfigurations = (
				07E336CF1BE43FBF0040CC90 /* Debug */,
				07E336D01BE43FBF0040CC90 /* Release */,
			);
			defaultConfigurationIsVisible = 0;
			defaultConfigurationName = Release;
		};
		07E336D11BE43FBF0040CC90 /* Build configuration list for PBXNativeTarget "MonkUITests" */ = {
			isa = XCConfigurationList;
			buildConfigurations = (
				07E336D21BE43FBF0040CC90 /* Debug */,
				07E336D31BE43FBF0040CC90 /* Release */,
			);
			defaultConfigurationIsVisible = 0;
			defaultConfigurationName = Release;
		};
/* End XCConfigurationList section */
	};
	rootObject = 07E336961BE43FBF0040CC90 /* Project object */;
}
